// !$*UTF8*$!
{
	archiveVersion = 1;
	classes = {
	};
	objectVersion = 77;
	objects = {

/* Begin PBXBuildFile section */
		A21955602DFC908D00D7BCB3 /* click.wav in Resources */ = {isa = PBXBuildFile; fileRef = A219555F2DFC908D00D7BCB3 /* click.wav */; };
		A21955622DFC922800D7BCB3 /* tunge.m4a in Resources */ = {isa = PBXBuildFile; fileRef = A21955612DFC922800D7BCB3 /* tunge.m4a */; };
/* End PBXBuildFile section */

/* Begin PBXContainerItemProxy section */
		A21955432DFC8E9400D7BCB3 /* PBXContainerItemProxy */ = {
			isa = PBXContainerItemProxy;
			containerPortal = A219552D2DFC8E9300D7BCB3 /* Project object */;
			proxyType = 1;
			remoteGlobalIDString = A21955342DFC8E9300D7BCB3;
			remoteInfo = Metronom;
		};
		A219554D2DFC8E9400D7BCB3 /* PBXContainerItemProxy */ = {
			isa = PBXContainerItemProxy;
			containerPortal = A219552D2DFC8E9300D7BCB3 /* Project object */;
			proxyType = 1;
			remoteGlobalIDString = A21955342DFC8E9300D7BCB3;
			remoteInfo = Metronom;
		};
/* End PBXContainerItemProxy section */

/* Begin PBXFileReference section */
		A21955352DFC8E9300D7BCB3 /* Metronom.app */ = {isa = PBXFileReference; explicitFileType = wrapper.application; includeInIndex = 0; path = Metronom.app; sourceTree = BUILT_PRODUCTS_DIR; };
		A21955422DFC8E9400D7BCB3 /* MetronomTests.xctest */ = {isa = PBXFileReference; explicitFileType = wrapper.cfbundle; includeInIndex = 0; path = MetronomTests.xctest; sourceTree = BUILT_PRODUCTS_DIR; };
		A219554C2DFC8E9400D7BCB3 /* MetronomUITests.xctest */ = {isa = PBXFileReference; explicitFileType = wrapper.cfbundle; includeInIndex = 0; path = MetronomUITests.xctest; sourceTree = BUILT_PRODUCTS_DIR; };
		A219555F2DFC908D00D7BCB3 /* click.wav */ = {isa = PBXFileReference; lastKnownFileType = audio.wav; path = click.wav; sourceTree = "<group>"; };
		A21955612DFC922800D7BCB3 /* tunge.m4a */ = {isa = PBXFileReference; lastKnownFileType = file; path = tunge.m4a; sourceTree = "<group>"; };
/* End PBXFileReference section */

/* Begin PBXFileSystemSynchronizedRootGroup section */
		A21955372DFC8E9300D7BCB3 /* Metronom */ = {
			isa = PBXFileSystemSynchronizedRootGroup;
			path = Metronom;
			sourceTree = "<group>";
		};
		A21955452DFC8E9400D7BCB3 /* MetronomTests */ = {
			isa = PBXFileSystemSynchronizedRootGroup;
			path = MetronomTests;
			sourceTree = "<group>";
		};
		A219554F2DFC8E9400D7BCB3 /* MetronomUITests */ = {
			isa = PBXFileSystemSynchronizedRootGroup;
			path = MetronomUITests;
			sourceTree = "<group>";
		};
/* End PBXFileSystemSynchronizedRootGroup section */

/* Begin PBXFrameworksBuildPhase section */
		A21955322DFC8E9300D7BCB3 /* Frameworks */ = {
			isa = PBXFrameworksBuildPhase;
			buildActionMask = 2147483647;
			files = (
			);
			runOnlyForDeploymentPostprocessing = 0;
		};
		A219553F2DFC8E9400D7BCB3 /* Frameworks */ = {
			isa = PBXFrameworksBuildPhase;
			buildActionMask = 2147483647;
			files = (
			);
			runOnlyForDeploymentPostprocessing = 0;
		};
		A21955492DFC8E9400D7BCB3 /* Frameworks */ = {
			isa = PBXFrameworksBuildPhase;
			buildActionMask = 2147483647;
			files = (
			);
			runOnlyForDeploymentPostprocessing = 0;
		};
/* End PBXFrameworksBuildPhase section */

/* Begin PBXGroup section */
		A219552C2DFC8E9300D7BCB3 = {
			isa = PBXGroup;
			children = (
				A21955372DFC8E9300D7BCB3 /* Metronom */,
				A21955452DFC8E9400D7BCB3 /* MetronomTests */,
				A219554F2DFC8E9400D7BCB3 /* MetronomUITests */,
				A21955362DFC8E9300D7BCB3 /* Products */,
				A219555F2DFC908D00D7BCB3 /* click.wav */,
				A21955612DFC922800D7BCB3 /* tunge.m4a */,
			);
			sourceTree = "<group>";
		};
		A21955362DFC8E9300D7BCB3 /* Products */ = {
			isa = PBXGroup;
			children = (
				A21955352DFC8E9300D7BCB3 /* Metronom.app */,
				A21955422DFC8E9400D7BCB3 /* MetronomTests.xctest */,
				A219554C2DFC8E9400D7BCB3 /* MetronomUITests.xctest */,
			);
			name = Products;
			sourceTree = "<group>";
		};
/* End PBXGroup section */

/* Begin PBXNativeTarget section */
		A21955342DFC8E9300D7BCB3 /* Metronom */ = {
			isa = PBXNativeTarget;
			buildConfigurationList = A21955562DFC8E9400D7BCB3 /* Build configuration list for PBXNativeTarget "Metronom" */;
			buildPhases = (
				A21955312DFC8E9300D7BCB3 /* Sources */,
				A21955322DFC8E9300D7BCB3 /* Frameworks */,
				A21955332DFC8E9300D7BCB3 /* Resources */,
			);
			buildRules = (
			);
			dependencies = (
			);
			fileSystemSynchronizedGroups = (
				A21955372DFC8E9300D7BCB3 /* Metronom */,
			);
			name = Metronom;
			packageProductDependencies = (
			);
			productName = Metronom;
			productReference = A21955352DFC8E9300D7BCB3 /* Metronom.app */;
			productType = "com.apple.product-type.application";
		};
		A21955412DFC8E9400D7BCB3 /* MetronomTests */ = {
			isa = PBXNativeTarget;
			buildConfigurationList = A21955592DFC8E9400D7BCB3 /* Build configuration list for PBXNativeTarget "MetronomTests" */;
			buildPhases = (
				A219553E2DFC8E9400D7BCB3 /* Sources */,
				A219553F2DFC8E9400D7BCB3 /* Frameworks */,
				A21955402DFC8E9400D7BCB3 /* Resources */,
			);
			buildRules = (
			);
			dependencies = (
				A21955442DFC8E9400D7BCB3 /* PBXTargetDependency */,
			);
			fileSystemSynchronizedGroups = (
				A21955452DFC8E9400D7BCB3 /* MetronomTests */,
			);
			name = MetronomTests;
			packageProductDependencies = (
			);
			productName = MetronomTests;
			productReference = A21955422DFC8E9400D7BCB3 /* MetronomTests.xctest */;
			productType = "com.apple.product-type.bundle.unit-test";
		};
		A219554B2DFC8E9400D7BCB3 /* MetronomUITests */ = {
			isa = PBXNativeTarget;
			buildConfigurationList = A219555C2DFC8E9400D7BCB3 /* Build configuration list for PBXNativeTarget "MetronomUITests" */;
			buildPhases = (
				A21955482DFC8E9400D7BCB3 /* Sources */,
				A21955492DFC8E9400D7BCB3 /* Frameworks */,
				A219554A2DFC8E9400D7BCB3 /* Resources */,
			);
			buildRules = (
			);
			dependencies = (
				A219554E2DFC8E9400D7BCB3 /* PBXTargetDependency */,
			);
			fileSystemSynchronizedGroups = (
				A219554F2DFC8E9400D7BCB3 /* MetronomUITests */,
			);
			name = MetronomUITests;
			packageProductDependencies = (
			);
			productName = MetronomUITests;
			productReference = A219554C2DFC8E9400D7BCB3 /* MetronomUITests.xctest */;
			productType = "com.apple.product-type.bundle.ui-testing";
		};
/* End PBXNativeTarget section */

/* Begin PBXProject section */
		A219552D2DFC8E9300D7BCB3 /* Project object */ = {
			isa = PBXProject;
			attributes = {
				BuildIndependentTargetsInParallel = 1;
				LastSwiftUpdateCheck = 1640;
				LastUpgradeCheck = 1640;
				TargetAttributes = {
					A21955342DFC8E9300D7BCB3 = {
						CreatedOnToolsVersion = 16.4;
					};
					A21955412DFC8E9400D7BCB3 = {
						CreatedOnToolsVersion = 16.4;
						TestTargetID = A21955342DFC8E9300D7BCB3;
					};
					A219554B2DFC8E9400D7BCB3 = {
						CreatedOnToolsVersion = 16.4;
						TestTargetID = A21955342DFC8E9300D7BCB3;
					};
				};
			};
			buildConfigurationList = A21955302DFC8E9300D7BCB3 /* Build configuration list for PBXProject "Metronom" */;
			developmentRegion = en;
			hasScannedForEncodings = 0;
			knownRegions = (
				en,
				Base,
			);
			mainGroup = A219552C2DFC8E9300D7BCB3;
			minimizedProjectReferenceProxies = 1;
			preferredProjectObjectVersion = 77;
			productRefGroup = A21955362DFC8E9300D7BCB3 /* Products */;
			projectDirPath = "";
			projectRoot = "";
			targets = (
				A21955342DFC8E9300D7BCB3 /* Metronom */,
				A21955412DFC8E9400D7BCB3 /* MetronomTests */,
				A219554B2DFC8E9400D7BCB3 /* MetronomUITests */,
			);
		};
/* End PBXProject section */

/* Begin PBXResourcesBuildPhase section */
		A21955332DFC8E9300D7BCB3 /* Resources */ = {
			isa = PBXResourcesBuildPhase;
			buildActionMask = 2147483647;
			files = (
				A21955602DFC908D00D7BCB3 /* click.wav in Resources */,
				A21955622DFC922800D7BCB3 /* tunge.m4a in Resources */,
			);
			runOnlyForDeploymentPostprocessing = 0;
		};
		A21955402DFC8E9400D7BCB3 /* Resources */ = {
			isa = PBXResourcesBuildPhase;
			buildActionMask = 2147483647;
			files = (
			);
			runOnlyForDeploymentPostprocessing = 0;
		};
		A219554A2DFC8E9400D7BCB3 /* Resources */ = {
			isa = PBXResourcesBuildPhase;
			buildActionMask = 2147483647;
			files = (
			);
			runOnlyForDeploymentPostprocessing = 0;
		};
/* End PBXResourcesBuildPhase section */

/* Begin PBXSourcesBuildPhase section */
		A21955312DFC8E9300D7BCB3 /* Sources */ = {
			isa = PBXSourcesBuildPhase;
			buildActionMask = 2147483647;
			files = (
			);
			runOnlyForDeploymentPostprocessing = 0;
		};
		A219553E2DFC8E9400D7BCB3 /* Sources */ = {
			isa = PBXSourcesBuildPhase;
			buildActionMask = 2147483647;
			files = (
			);
			runOnlyForDeploymentPostprocessing = 0;
		};
		A21955482DFC8E9400D7BCB3 /* Sources */ = {
			isa = PBXSourcesBuildPhase;
			buildActionMask = 2147483647;
			files = (
			);
			runOnlyForDeploymentPostprocessing = 0;
		};
/* End PBXSourcesBuildPhase section */

/* Begin PBXTargetDependency section */
		A21955442DFC8E9400D7BCB3 /* PBXTargetDependency */ = {
			isa = PBXTargetDependency;
			target = A21955342DFC8E9300D7BCB3 /* Metronom */;
			targetProxy = A21955432DFC8E9400D7BCB3 /* PBXContainerItemProxy */;
		};
		A219554E2DFC8E9400D7BCB3 /* PBXTargetDependency */ = {
			isa = PBXTargetDependency;
			target = A21955342DFC8E9300D7BCB3 /* Metronom */;
			targetProxy = A219554D2DFC8E9400D7BCB3 /* PBXContainerItemProxy */;
		};
/* End PBXTargetDependency section */

/* Begin XCBuildConfiguration section */
		A21955542DFC8E9400D7BCB3 /* Debug */ = {
			isa = XCBuildConfiguration;
			buildSettings = {
				ALWAYS_SEARCH_USER_PATHS = NO;
				ASSETCATALOG_COMPILER_GENERATE_SWIFT_ASSET_SYMBOL_EXTENSIONS = YES;
				CLANG_ANALYZER_NONNULL = YES;
				CLANG_ANALYZER_NUMBER_OBJECT_CONVERSION = YES_AGGRESSIVE;
				CLANG_CXX_LANGUAGE_STANDARD = "gnu++20";
				CLANG_ENABLE_MODULES = YES;
				CLANG_ENABLE_OBJC_ARC = YES;
				CLANG_ENABLE_OBJC_WEAK = YES;
				CLANG_WARN_BLOCK_CAPTURE_AUTORELEASING = YES;
				CLANG_WARN_BOOL_CONVERSION = YES;
				CLANG_WARN_COMMA = YES;
				CLANG_WARN_CONSTANT_CONVERSION = YES;
				CLANG_WARN_DEPRECATED_OBJC_IMPLEMENTATIONS = YES;
				CLANG_WARN_DIRECT_OBJC_ISA_USAGE = YES_ERROR;
				CLANG_WARN_DOCUMENTATION_COMMENTS = YES;
				CLANG_WARN_EMPTY_BODY = YES;
				CLANG_WARN_ENUM_CONVERSION = YES;
				CLANG_WARN_INFINITE_RECURSION = YES;
				CLANG_WARN_INT_CONVERSION = YES;
				CLANG_WARN_NON_LITERAL_NULL_CONVERSION = YES;
				CLANG_WARN_OBJC_IMPLICIT_RETAIN_SELF = YES;
				CLANG_WARN_OBJC_LITERAL_CONVERSION = YES;
				CLANG_WARN_OBJC_ROOT_CLASS = YES_ERROR;
				CLANG_WARN_QUOTED_INCLUDE_IN_FRAMEWORK_HEADER = YES;
				CLANG_WARN_RANGE_LOOP_ANALYSIS = YES;
				CLANG_WARN_STRICT_PROTOTYPES = YES;
				CLANG_WARN_SUSPICIOUS_MOVE = YES;
				CLANG_WARN_UNGUARDED_AVAILABILITY = YES_AGGRESSIVE;
				CLANG_WARN_UNREACHABLE_CODE = YES;
				CLANG_WARN__DUPLICATE_METHOD_MATCH = YES;
				COPY_PHASE_STRIP = NO;
				DEBUG_INFORMATION_FORMAT = dwarf;
				DEVELOPMENT_TEAM = 75VBQJVGGU;
				ENABLE_STRICT_OBJC_MSGSEND = YES;
				ENABLE_TESTABILITY = YES;
				ENABLE_USER_SCRIPT_SANDBOXING = YES;
				GCC_C_LANGUAGE_STANDARD = gnu17;
				GCC_DYNAMIC_NO_PIC = NO;
				GCC_NO_COMMON_BLOCKS = YES;
				GCC_OPTIMIZATION_LEVEL = 0;
				GCC_PREPROCESSOR_DEFINITIONS = (
					"DEBUG=1",
					"$(inherited)",
				);
				GCC_WARN_64_TO_32_BIT_CONVERSION = YES;
				GCC_WARN_ABOUT_RETURN_TYPE = YES_ERROR;
				GCC_WARN_UNDECLARED_SELECTOR = YES;
				GCC_WARN_UNINITIALIZED_AUTOS = YES_AGGRESSIVE;
				GCC_WARN_UNUSED_FUNCTION = YES;
				GCC_WARN_UNUSED_VARIABLE = YES;
				IPHONEOS_DEPLOYMENT_TARGET = 18.5;
				LOCALIZATION_PREFERS_STRING_CATALOGS = YES;
				MTL_ENABLE_DEBUG_INFO = INCLUDE_SOURCE;
				MTL_FAST_MATH = YES;
				ONLY_ACTIVE_ARCH = YES;
				SDKROOT = iphoneos;
				SWIFT_ACTIVE_COMPILATION_CONDITIONS = "DEBUG $(inherited)";
				SWIFT_OPTIMIZATION_LEVEL = "-Onone";
			};
			name = Debug;
		};
		A21955552DFC8E9400D7BCB3 /* Release */ = {
			isa = XCBuildConfiguration;
			buildSettings = {
				ALWAYS_SEARCH_USER_PATHS = NO;
				ASSETCATALOG_COMPILER_GENERATE_SWIFT_ASSET_SYMBOL_EXTENSIONS = YES;
				CLANG_ANALYZER_NONNULL = YES;
				CLANG_ANALYZER_NUMBER_OBJECT_CONVERSION = YES_AGGRESSIVE;
				CLANG_CXX_LANGUAGE_STANDARD = "gnu++20";
				CLANG_ENABLE_MODULES = YES;
				CLANG_ENABLE_OBJC_ARC = YES;
				CLANG_ENABLE_OBJC_WEAK = YES;
				CLANG_WARN_BLOCK_CAPTURE_AUTORELEASING = YES;
				CLANG_WARN_BOOL_CONVERSION = YES;
				CLANG_WARN_COMMA = YES;
				CLANG_WARN_CONSTANT_CONVERSION = YES;
				CLANG_WARN_DEPRECATED_OBJC_IMPLEMENTATIONS = YES;
				CLANG_WARN_DIRECT_OBJC_ISA_USAGE = YES_ERROR;
				CLANG_WARN_DOCUMENTATION_COMMENTS = YES;
				CLANG_WARN_EMPTY_BODY = YES;
				CLANG_WARN_ENUM_CONVERSION = YES;
				CLANG_WARN_INFINITE_RECURSION = YES;
				CLANG_WARN_INT_CONVERSION = YES;
				CLANG_WARN_NON_LITERAL_NULL_CONVERSION = YES;
				CLANG_WARN_OBJC_IMPLICIT_RETAIN_SELF = YES;
				CLANG_WARN_OBJC_LITERAL_CONVERSION = YES;
				CLANG_WARN_OBJC_ROOT_CLASS = YES_ERROR;
				CLANG_WARN_QUOTED_INCLUDE_IN_FRAMEWORK_HEADER = YES;
				CLANG_WARN_RANGE_LOOP_ANALYSIS = YES;
				CLANG_WARN_STRICT_PROTOTYPES = YES;
				CLANG_WARN_SUSPICIOUS_MOVE = YES;
				CLANG_WARN_UNGUARDED_AVAILABILITY = YES_AGGRESSIVE;
				CLANG_WARN_UNREACHABLE_CODE = YES;
				CLANG_WARN__DUPLICATE_METHOD_MATCH = YES;
				COPY_PHASE_STRIP = NO;
				DEBUG_INFORMATION_FORMAT = "dwarf-with-dsym";
				DEVELOPMENT_TEAM = 75VBQJVGGU;
				ENABLE_NS_ASSERTIONS = NO;
				ENABLE_STRICT_OBJC_MSGSEND = YES;
				ENABLE_USER_SCRIPT_SANDBOXING = YES;
				GCC_C_LANGUAGE_STANDARD = gnu17;
				GCC_NO_COMMON_BLOCKS = YES;
				GCC_WARN_64_TO_32_BIT_CONVERSION = YES;
				GCC_WARN_ABOUT_RETURN_TYPE = YES_ERROR;
				GCC_WARN_UNDECLARED_SELECTOR = YES;
				GCC_WARN_UNINITIALIZED_AUTOS = YES_AGGRESSIVE;
				GCC_WARN_UNUSED_FUNCTION = YES;
				GCC_WARN_UNUSED_VARIABLE = YES;
				IPHONEOS_DEPLOYMENT_TARGET = 18.5;
				LOCALIZATION_PREFERS_STRING_CATALOGS = YES;
				MTL_ENABLE_DEBUG_INFO = NO;
				MTL_FAST_MATH = YES;
				SDKROOT = iphoneos;
				SWIFT_COMPILATION_MODE = wholemodule;
				VALIDATE_PRODUCT = YES;
			};
			name = Release;
		};
		A21955572DFC8E9400D7BCB3 /* Debug */ = {
			isa = XCBuildConfiguration;
			buildSettings = {
				ASSETCATALOG_COMPILER_APPICON_NAME = AppIcon;
				ASSETCATALOG_COMPILER_GLOBAL_ACCENT_COLOR_NAME = AccentColor;
				CODE_SIGN_STYLE = Automatic;
				CURRENT_PROJECT_VERSION = 1;
				DEVELOPMENT_TEAM = 75VBQJVGGU;
				ENABLE_PREVIEWS = YES;
				GENERATE_INFOPLIST_FILE = YES;
				INFOPLIST_KEY_UIApplicationSceneManifest_Generation = YES;
				INFOPLIST_KEY_UIApplicationSupportsIndirectInputEvents = YES;
				INFOPLIST_KEY_UILaunchScreen_Generation = YES;
				INFOPLIST_KEY_UISupportedInterfaceOrientations_iPad = "UIInterfaceOrientationPortrait UIInterfaceOrientationPortraitUpsideDown UIInterfaceOrientationLandscapeLeft UIInterfaceOrientationLandscapeRight";
				INFOPLIST_KEY_UISupportedInterfaceOrientations_iPhone = "UIInterfaceOrientationPortrait UIInterfaceOrientationLandscapeLeft UIInterfaceOrientationLandscapeRight";
				LD_RUNPATH_SEARCH_PATHS = (
					"$(inherited)",
					"@executable_path/Frameworks",
				);
				MARKETING_VERSION = 1.0;
				PRODUCT_BUNDLE_IDENTIFIER = net.goplen.Metronom;
				PRODUCT_NAME = "$(TARGET_NAME)";
				SWIFT_EMIT_LOC_STRINGS = YES;
				SWIFT_VERSION = 5.0;
				TARGETED_DEVICE_FAMILY = "1,2";
			};
			name = Debug;
		};
		A21955582DFC8E9400D7BCB3 /* Release */ = {
			isa = XCBuildConfiguration;
			buildSettings = {
				ASSETCATALOG_COMPILER_APPICON_NAME = AppIcon;
				ASSETCATALOG_COMPILER_GLOBAL_ACCENT_COLOR_NAME = AccentColor;
				CODE_SIGN_STYLE = Automatic;
				CURRENT_PROJECT_VERSION = 1;
				DEVELOPMENT_TEAM = 75VBQJVGGU;
				ENABLE_PREVIEWS = YES;
				GENERATE_INFOPLIST_FILE = YES;
				INFOPLIST_KEY_UIApplicationSceneManifest_Generation = YES;
				INFOPLIST_KEY_UIApplicationSupportsIndirectInputEvents = YES;
				INFOPLIST_KEY_UILaunchScreen_Generation = YES;
				INFOPLIST_KEY_UISupportedInterfaceOrientations_iPad = "UIInterfaceOrientationPortrait UIInterfaceOrientationPortraitUpsideDown UIInterfaceOrientationLandscapeLeft UIInterfaceOrientationLandscapeRight";
				INFOPLIST_KEY_UISupportedInterfaceOrientations_iPhone = "UIInterfaceOrientationPortrait UIInterfaceOrientationLandscapeLeft UIInterfaceOrientationLandscapeRight";
				LD_RUNPATH_SEARCH_PATHS = (
					"$(inherited)",
					"@executable_path/Frameworks",
				);
				MARKETING_VERSION = 1.0;
				PRODUCT_BUNDLE_IDENTIFIER = net.goplen.Metronom;
				PRODUCT_NAME = "$(TARGET_NAME)";
				SWIFT_EMIT_LOC_STRINGS = YES;
				SWIFT_VERSION = 5.0;
				TARGETED_DEVICE_FAMILY = "1,2";
			};
			name = Release;
		};
		A219555A2DFC8E9400D7BCB3 /* Debug */ = {
			isa = XCBuildConfiguration;
			buildSettings = {
				BUNDLE_LOADER = "$(TEST_HOST)";
				CODE_SIGN_STYLE = Automatic;
				CURRENT_PROJECT_VERSION = 1;
				DEVELOPMENT_TEAM = 75VBQJVGGU;
				GENERATE_INFOPLIST_FILE = YES;
				IPHONEOS_DEPLOYMENT_TARGET = 18.5;
				MARKETING_VERSION = 1.0;
				PRODUCT_BUNDLE_IDENTIFIER = net.goplen.MetronomTests;
				PRODUCT_NAME = "$(TARGET_NAME)";
				SWIFT_EMIT_LOC_STRINGS = NO;
				SWIFT_VERSION = 5.0;
				TARGETED_DEVICE_FAMILY = "1,2";
				TEST_HOST = "$(BUILT_PRODUCTS_DIR)/Metronom.app/$(BUNDLE_EXECUTABLE_FOLDER_PATH)/Metronom";
			};
			name = Debug;
		};
		A219555B2DFC8E9400D7BCB3 /* Release */ = {
			isa = XCBuildConfiguration;
			buildSettings = {
				BUNDLE_LOADER = "$(TEST_HOST)";
				CODE_SIGN_STYLE = Automatic;
				CURRENT_PROJECT_VERSION = 1;
				DEVELOPMENT_TEAM = 75VBQJVGGU;
				GENERATE_INFOPLIST_FILE = YES;
				IPHONEOS_DEPLOYMENT_TARGET = 18.5;
				MARKETING_VERSION = 1.0;
				PRODUCT_BUNDLE_IDENTIFIER = net.goplen.MetronomTests;
				PRODUCT_NAME = "$(TARGET_NAME)";
				SWIFT_EMIT_LOC_STRINGS = NO;
				SWIFT_VERSION = 5.0;
				TARGETED_DEVICE_FAMILY = "1,2";
				TEST_HOST = "$(BUILT_PRODUCTS_DIR)/Metronom.app/$(BUNDLE_EXECUTABLE_FOLDER_PATH)/Metronom";
			};
			name = Release;
		};
		A219555D2DFC8E9400D7BCB3 /* Debug */ = {
			isa = XCBuildConfiguration;
			buildSettings = {
				CODE_SIGN_STYLE = Automatic;
				CURRENT_PROJECT_VERSION = 1;
				DEVELOPMENT_TEAM = 75VBQJVGGU;
				GENERATE_INFOPLIST_FILE = YES;
				MARKETING_VERSION = 1.0;
				PRODUCT_BUNDLE_IDENTIFIER = net.goplen.MetronomUITests;
				PRODUCT_NAME = "$(TARGET_NAME)";
				SWIFT_EMIT_LOC_STRINGS = NO;
				SWIFT_VERSION = 5.0;
				TARGETED_DEVICE_FAMILY = "1,2";
				TEST_TARGET_NAME = Metronom;
			};
			name = Debug;
		};
		A219555E2DFC8E9400D7BCB3 /* Release */ = {
			isa = XCBuildConfiguration;
			buildSettings = {
				CODE_SIGN_STYLE = Automatic;
				CURRENT_PROJECT_VERSION = 1;
				DEVELOPMENT_TEAM = 75VBQJVGGU;
				GENERATE_INFOPLIST_FILE = YES;
				MARKETING_VERSION = 1.0;
				PRODUCT_BUNDLE_IDENTIFIER = net.goplen.MetronomUITests;
				PRODUCT_NAME = "$(TARGET_NAME)";
				SWIFT_EMIT_LOC_STRINGS = NO;
				SWIFT_VERSION = 5.0;
				TARGETED_DEVICE_FAMILY = "1,2";
				TEST_TARGET_NAME = Metronom;
			};
			name = Release;
		};
/* End XCBuildConfiguration section */

/* Begin XCConfigurationList section */
		A21955302DFC8E9300D7BCB3 /* Build configuration list for PBXProject "Metronom" */ = {
			isa = XCConfigurationList;
			buildConfigurations = (
				A21955542DFC8E9400D7BCB3 /* Debug */,
				A21955552DFC8E9400D7BCB3 /* Release */,
			);
			defaultConfigurationIsVisible = 0;
			defaultConfigurationName = Release;
		};
		A21955562DFC8E9400D7BCB3 /* Build configuration list for PBXNativeTarget "Metronom" */ = {
			isa = XCConfigurationList;
			buildConfigurations = (
				A21955572DFC8E9400D7BCB3 /* Debug */,
				A21955582DFC8E9400D7BCB3 /* Release */,
			);
			defaultConfigurationIsVisible = 0;
			defaultConfigurationName = Release;
		};
		A21955592DFC8E9400D7BCB3 /* Build configuration list for PBXNativeTarget "MetronomTests" */ = {
			isa = XCConfigurationList;
			buildConfigurations = (
				A219555A2DFC8E9400D7BCB3 /* Debug */,
				A219555B2DFC8E9400D7BCB3 /* Release */,
			);
			defaultConfigurationIsVisible = 0;
			defaultConfigurationName = Release;
		};
		A219555C2DFC8E9400D7BCB3 /* Build configuration list for PBXNativeTarget "MetronomUITests" */ = {
			isa = XCConfigurationList;
			buildConfigurations = (
				A219555D2DFC8E9400D7BCB3 /* Debug */,
				A219555E2DFC8E9400D7BCB3 /* Release */,
			);
			defaultConfigurationIsVisible = 0;
			defaultConfigurationName = Release;
		};
/* End XCConfigurationList section */
	};
	rootObject = A219552D2DFC8E9300D7BCB3 /* Project object */;
}
